
Microsoft Visual Studio Solution File, Format Version 11.00
# Visual Studio 2010
Project("{FAE04EC0-301F-11D3-BF4B-00C04F79EFBC}") = "AddOnInstallAPI", "AddOnInstallAPI.csproj", "{1B099DC2-B2FC-4B00-B9D3-D17DDFF86E8C}"
EndProject
Global
	GlobalSection(SolutionConfigurationPlatforms) = preSolution
		Debug|Any CPU = Debug|Any CPU
		Debug|x64 = Debug|x64
		Release|Any CPU = Release|Any CPU
		Release|x64 = Release|x64
	EndGlobalSection
	GlobalSection(ProjectConfigurationPlatforms) = postSolution
		{1B099DC2-B2FC-4B00-B9D3-D17DDFF86E8C}.Debug|Any CPU.ActiveCfg = Debug|Any CPU
		{1B099DC2-B2FC-4B00-B9D3-D17DDFF86E8C}.Debug|Any CPU.Build.0 = Debug|Any CPU
		{1B099DC2-B2FC-4B00-B9D3-D17DDFF86E8C}.Debug|x64.ActiveCfg = Debug|x64
		{1B099DC2-B2FC-4B00-B9D3-D17DDFF86E8C}.Debug|x64.Build.0 = Debug|x64
		{1B099DC2-B2FC-4B00-B9D3-D17DDFF86E8C}.Release|Any CPU.ActiveCfg = Release|Any CPU
		{1B099DC2-B2FC-4B00-B9D3-D17DDFF86E8C}.Release|Any CPU.Build.0 = Release|Any CPU
		{1B099DC2-B2FC-4B00-B9D3-D17DDFF86E8C}.Release|x64.ActiveCfg = Release|x64
		{1B099DC2-B2FC-4B00-B9D3-D17DDFF86E8C}.Release|x64.Build.0 = Release|x64
	EndGlobalSection
	GlobalSection(SolutionProperties) = preSolution
		HideSolutionNode = FALSE
	EndGlobalSection
EndGlobal
